
Microsoft Visual Studio Solution File, Format Version 12.00
# Visual Studio Version 17
VisualStudioVersion = 17.8.34330.188
MinimumVisualStudioVersion = 10.0.40219.1
Project("{FAE04EC0-301F-11D3-BF4B-00C04F79EFBC}") = "StrukturyBazDanychC#_Projekt_1", "StrukturyBazDanychC#_Projekt_1\StrukturyBazDanychC#_Projekt_1.csproj", "{37807DE8-8CC5-4097-BD71-BF4BDC5C1FD1}"
EndProject
Global
	GlobalSection(SolutionConfigurationPlatforms) = preSolution
		Debug|Any CPU = Debug|Any CPU
		Release|Any CPU = Release|Any CPU
	EndGlobalSection
	GlobalSection(ProjectConfigurationPlatforms) = postSolution
		{37807DE8-8CC5-4097-BD71-BF4BDC5C1FD1}.Debug|Any CPU.ActiveCfg = Debug|Any CPU
		{37807DE8-8CC5-4097-BD71-BF4BDC5C1FD1}.Debug|Any CPU.Build.0 = Debug|Any CPU
		{37807DE8-8CC5-4097-BD71-BF4BDC5C1FD1}.Release|Any CPU.ActiveCfg = Release|Any CPU
		{37807DE8-8CC5-4097-BD71-BF4BDC5C1FD1}.Release|Any CPU.Build.0 = Release|Any CPU
	EndGlobalSection
	GlobalSection(SolutionProperties) = preSolution
		HideSolutionNode = FALSE
	EndGlobalSection
	GlobalSection(ExtensibilityGlobals) = postSolution
		SolutionGuid = {32424437-E4F5-4C5C-9B4D-C06085FED41E}
	EndGlobalSection
EndGlobal
